# This file is automatically @generated by Poetry 1.7.1 and should not be changed by hand.

[[package]]
name = "clawtoast"
version = "0.1.0"
description = ""
optional = false
python-versions = "^3.11"
files = []
develop = false

[package.source]
type = "directory"
url = "../../python"

[metadata]
lock-version = "2.0"
python-versions = "^3.11"
content-hash = "aefc04bb9588b88829559497b148f48035e92e575c8b580352c5dced31811ae4"
